
Microsoft Visual Studio Solution File, Format Version 12.00
# Visual Studio Version 16
VisualStudioVersion = 16.0.30621.155
MinimumVisualStudioVersion = 10.0.40219.1
Project("{FAE04EC0-301F-11D3-BF4B-00C04F79EFBC}") = "Asv.Tmda.Core", "Asv.Tmda.Core\Asv.Tmda.Core.csproj", "{AF4598FC-4B7B-4E7D-8BD3-BB63E6FAC77F}"
EndProject
Project("{2150E333-8FDC-42A3-9474-1A3956D46DE8}") = "Plugins", "Plugins", "{A44AAB2D-2479-42E7-8E2E-906CA229854B}"
EndProject
Project("{FAE04EC0-301F-11D3-BF4B-00C04F79EFBC}") = "Asv.Tmda.SignalHound", "Asv.Tmda.SignalHound\Asv.Tmda.SignalHound.csproj", "{673C4FF2-7972-4663-93CA-BF4A534157C0}"
EndProject
Project("{FAE04EC0-301F-11D3-BF4B-00C04F79EFBC}") = "Asv.Tmda", "Asv.Tmda\Asv.Tmda.csproj", "{1A221AE2-80B2-4FEC-9DF2-275889D09480}"
EndProject
Project("{2150E333-8FDC-42A3-9474-1A3956D46DE8}") = "Device", "Device", "{443C1761-6CE6-4BAB-821C-A33BC4B7D002}"
EndProject
Project("{2150E333-8FDC-42A3-9474-1A3956D46DE8}") = "Gui", "Gui", "{B523B45C-1FFC-43C9-9802-C23449ACE862}"
EndProject
Project("{FAE04EC0-301F-11D3-BF4B-00C04F79EFBC}") = "Asv.Tmda.View", "Asv.Tmda.View\Asv.Tmda.View.csproj", "{48031F50-5760-44CE-81F5-EB39F587C7C9}"
EndProject
Global
	GlobalSection(SolutionConfigurationPlatforms) = preSolution
		Debug|Any CPU = Debug|Any CPU
		Debug|x64 = Debug|x64
		Release|Any CPU = Release|Any CPU
		Release|x64 = Release|x64
	EndGlobalSection
	GlobalSection(ProjectConfigurationPlatforms) = postSolution
		{AF4598FC-4B7B-4E7D-8BD3-BB63E6FAC77F}.Debug|Any CPU.ActiveCfg = Debug|Any CPU
		{AF4598FC-4B7B-4E7D-8BD3-BB63E6FAC77F}.Debug|Any CPU.Build.0 = Debug|Any CPU
		{AF4598FC-4B7B-4E7D-8BD3-BB63E6FAC77F}.Debug|x64.ActiveCfg = Debug|x64
		{AF4598FC-4B7B-4E7D-8BD3-BB63E6FAC77F}.Debug|x64.Build.0 = Debug|x64
		{AF4598FC-4B7B-4E7D-8BD3-BB63E6FAC77F}.Release|Any CPU.ActiveCfg = Release|Any CPU
		{AF4598FC-4B7B-4E7D-8BD3-BB63E6FAC77F}.Release|Any CPU.Build.0 = Release|Any CPU
		{AF4598FC-4B7B-4E7D-8BD3-BB63E6FAC77F}.Release|x64.ActiveCfg = Release|x64
		{AF4598FC-4B7B-4E7D-8BD3-BB63E6FAC77F}.Release|x64.Build.0 = Release|x64
		{673C4FF2-7972-4663-93CA-BF4A534157C0}.Debug|Any CPU.ActiveCfg = Debug|Any CPU
		{673C4FF2-7972-4663-93CA-BF4A534157C0}.Debug|Any CPU.Build.0 = Debug|Any CPU
		{673C4FF2-7972-4663-93CA-BF4A534157C0}.Debug|x64.ActiveCfg = Debug|x64
		{673C4FF2-7972-4663-93CA-BF4A534157C0}.Debug|x64.Build.0 = Debug|x64
		{673C4FF2-7972-4663-93CA-BF4A534157C0}.Release|Any CPU.ActiveCfg = Release|Any CPU
		{673C4FF2-7972-4663-93CA-BF4A534157C0}.Release|Any CPU.Build.0 = Release|Any CPU
		{673C4FF2-7972-4663-93CA-BF4A534157C0}.Release|x64.ActiveCfg = Release|x64
		{673C4FF2-7972-4663-93CA-BF4A534157C0}.Release|x64.Build.0 = Release|x64
		{1A221AE2-80B2-4FEC-9DF2-275889D09480}.Debug|Any CPU.ActiveCfg = Debug|Any CPU
		{1A221AE2-80B2-4FEC-9DF2-275889D09480}.Debug|Any CPU.Build.0 = Debug|Any CPU
		{1A221AE2-80B2-4FEC-9DF2-275889D09480}.Debug|x64.ActiveCfg = Debug|Any CPU
		{1A221AE2-80B2-4FEC-9DF2-275889D09480}.Debug|x64.Build.0 = Debug|Any CPU
		{1A221AE2-80B2-4FEC-9DF2-275889D09480}.Release|Any CPU.ActiveCfg = Release|Any CPU
		{1A221AE2-80B2-4FEC-9DF2-275889D09480}.Release|Any CPU.Build.0 = Release|Any CPU
		{1A221AE2-80B2-4FEC-9DF2-275889D09480}.Release|x64.ActiveCfg = Release|Any CPU
		{1A221AE2-80B2-4FEC-9DF2-275889D09480}.Release|x64.Build.0 = Release|Any CPU
		{48031F50-5760-44CE-81F5-EB39F587C7C9}.Debug|Any CPU.ActiveCfg = Debug|Any CPU
		{48031F50-5760-44CE-81F5-EB39F587C7C9}.Debug|Any CPU.Build.0 = Debug|Any CPU
		{48031F50-5760-44CE-81F5-EB39F587C7C9}.Debug|x64.ActiveCfg = Debug|Any CPU
		{48031F50-5760-44CE-81F5-EB39F587C7C9}.Debug|x64.Build.0 = Debug|Any CPU
		{48031F50-5760-44CE-81F5-EB39F587C7C9}.Release|Any CPU.ActiveCfg = Release|Any CPU
		{48031F50-5760-44CE-81F5-EB39F587C7C9}.Release|Any CPU.Build.0 = Release|Any CPU
		{48031F50-5760-44CE-81F5-EB39F587C7C9}.Release|x64.ActiveCfg = Release|Any CPU
		{48031F50-5760-44CE-81F5-EB39F587C7C9}.Release|x64.Build.0 = Release|Any CPU
	EndGlobalSection
	GlobalSection(SolutionProperties) = preSolution
		HideSolutionNode = FALSE
	EndGlobalSection
	GlobalSection(NestedProjects) = preSolution
		{AF4598FC-4B7B-4E7D-8BD3-BB63E6FAC77F} = {443C1761-6CE6-4BAB-821C-A33BC4B7D002}
		{673C4FF2-7972-4663-93CA-BF4A534157C0} = {443C1761-6CE6-4BAB-821C-A33BC4B7D002}
		{443C1761-6CE6-4BAB-821C-A33BC4B7D002} = {A44AAB2D-2479-42E7-8E2E-906CA229854B}
		{B523B45C-1FFC-43C9-9802-C23449ACE862} = {A44AAB2D-2479-42E7-8E2E-906CA229854B}
		{48031F50-5760-44CE-81F5-EB39F587C7C9} = {B523B45C-1FFC-43C9-9802-C23449ACE862}
	EndGlobalSection
	GlobalSection(ExtensibilityGlobals) = postSolution
		SolutionGuid = {FD8B45FC-4328-4ABC-AAE4-3E98D85BB704}
	EndGlobalSection
EndGlobal
